
Microsoft Visual Studio Solution File, Format Version 12.00
# Visual Studio Version 16
VisualStudioVersion = 16.0.31515.178
MinimumVisualStudioVersion = 10.0.40219.1
Project("{8BC9CEB8-8B4A-11D0-8D11-00A0C91BC942}") = "12_Arrangement", "12_Arrangement\12_Arrangement.vcxproj", "{74844EE2-1D62-4784-92A9-622BD20F3689}"
EndProject
Global
	GlobalSection(SolutionConfigurationPlatforms) = preSolution
		Debug|x64 = Debug|x64
		Debug|x86 = Debug|x86
		Release|x64 = Release|x64
		Release|x86 = Release|x86
	EndGlobalSection
	GlobalSection(ProjectConfigurationPlatforms) = postSolution
		{74844EE2-1D62-4784-92A9-622BD20F3689}.Debug|x64.ActiveCfg = Debug|x64
		{74844EE2-1D62-4784-92A9-622BD20F3689}.Debug|x64.Build.0 = Debug|x64
		{74844EE2-1D62-4784-92A9-622BD20F3689}.Debug|x86.ActiveCfg = Debug|Win32
		{74844EE2-1D62-4784-92A9-622BD20F3689}.Debug|x86.Build.0 = Debug|Win32
		{74844EE2-1D62-4784-92A9-622BD20F3689}.Release|x64.ActiveCfg = Release|x64
		{74844EE2-1D62-4784-92A9-622BD20F3689}.Release|x64.Build.0 = Release|x64
		{74844EE2-1D62-4784-92A9-622BD20F3689}.Release|x86.ActiveCfg = Release|Win32
		{74844EE2-1D62-4784-92A9-622BD20F3689}.Release|x86.Build.0 = Release|Win32
	EndGlobalSection
	GlobalSection(SolutionProperties) = preSolution
		HideSolutionNode = FALSE
	EndGlobalSection
	GlobalSection(ExtensibilityGlobals) = postSolution
		SolutionGuid = {7E247794-C751-41F7-9EA7-61449F6D621F}
	EndGlobalSection
EndGlobal
